// !$*UTF8*$!
{
	archiveVersion = 1;
	classes = {
	};
	objectVersion = 56;
	objects = {

/* Begin PBXBuildFile section */
		E2015D092AA38E3A0042102E /* AddNewBillView.swift in Sources */ = {isa = PBXBuildFile; fileRef = E2015D082AA38E3A0042102E /* AddNewBillView.swift */; };
		F75152EA2A9C6A2100F532EC /* SetaraV2App.swift in Sources */ = {isa = PBXBuildFile; fileRef = F75152E92A9C6A2100F532EC /* SetaraV2App.swift */; };
		F75152EC2A9C6A2100F532EC /* ContentView.swift in Sources */ = {isa = PBXBuildFile; fileRef = F75152EB2A9C6A2100F532EC /* ContentView.swift */; };
		F75152EE2A9C6A2200F532EC /* Assets.xcassets in Resources */ = {isa = PBXBuildFile; fileRef = F75152ED2A9C6A2200F532EC /* Assets.xcassets */; };
		F75152F12A9C6A2200F532EC /* Preview Assets.xcassets in Resources */ = {isa = PBXBuildFile; fileRef = F75152F02A9C6A2200F532EC /* Preview Assets.xcassets */; };
		F7601D3B2AA06FCC00E177B4 /* MainView.swift in Sources */ = {isa = PBXBuildFile; fileRef = F7601D3A2AA06FCC00E177B4 /* MainView.swift */; };
		F7601D632AA3141000E177B4 /* RoundedRectangleView.swift in Sources */ = {isa = PBXBuildFile; fileRef = F7601D622AA3141000E177B4 /* RoundedRectangleView.swift */; };
		F7601D652AA314DE00E177B4 /* CustomColor.swift in Sources */ = {isa = PBXBuildFile; fileRef = F7601D642AA314DE00E177B4 /* CustomColor.swift */; };
		F7601D672AA317DB00E177B4 /* CustomButton.swift in Sources */ = {isa = PBXBuildFile; fileRef = F7601D662AA317DB00E177B4 /* CustomButton.swift */; };
/* End PBXBuildFile section */

/* Begin PBXFileReference section */
		E2015D082AA38E3A0042102E /* AddNewBillView.swift */ = {isa = PBXFileReference; lastKnownFileType = sourcecode.swift; path = AddNewBillView.swift; sourceTree = "<group>"; };
		F75152E62A9C6A2100F532EC /* SetaraV2.app */ = {isa = PBXFileReference; explicitFileType = wrapper.application; includeInIndex = 0; path = SetaraV2.app; sourceTree = BUILT_PRODUCTS_DIR; };
		F75152E92A9C6A2100F532EC /* SetaraV2App.swift */ = {isa = PBXFileReference; lastKnownFileType = sourcecode.swift; path = SetaraV2App.swift; sourceTree = "<group>"; };
		F75152EB2A9C6A2100F532EC /* ContentView.swift */ = {isa = PBXFileReference; lastKnownFileType = sourcecode.swift; path = ContentView.swift; sourceTree = "<group>"; };
		F75152ED2A9C6A2200F532EC /* Assets.xcassets */ = {isa = PBXFileReference; lastKnownFileType = folder.assetcatalog; path = Assets.xcassets; sourceTree = "<group>"; };
		F75152F02A9C6A2200F532EC /* Preview Assets.xcassets */ = {isa = PBXFileReference; lastKnownFileType = folder.assetcatalog; path = "Preview Assets.xcassets"; sourceTree = "<group>"; };
		F7601D3A2AA06FCC00E177B4 /* MainView.swift */ = {isa = PBXFileReference; lastKnownFileType = sourcecode.swift; path = MainView.swift; sourceTree = "<group>"; };
		F7601D622AA3141000E177B4 /* RoundedRectangleView.swift */ = {isa = PBXFileReference; lastKnownFileType = sourcecode.swift; path = RoundedRectangleView.swift; sourceTree = "<group>"; };
		F7601D642AA314DE00E177B4 /* CustomColor.swift */ = {isa = PBXFileReference; lastKnownFileType = sourcecode.swift; path = CustomColor.swift; sourceTree = "<group>"; };
		F7601D662AA317DB00E177B4 /* CustomButton.swift */ = {isa = PBXFileReference; lastKnownFileType = sourcecode.swift; path = CustomButton.swift; sourceTree = "<group>"; };
/* End PBXFileReference section */

/* Begin PBXFrameworksBuildPhase section */
		F75152E32A9C6A2100F532EC /* Frameworks */ = {
			isa = PBXFrameworksBuildPhase;
			buildActionMask = 2147483647;
			files = (
			);
			runOnlyForDeploymentPostprocessing = 0;
		};
/* End PBXFrameworksBuildPhase section */

/* Begin PBXGroup section */
		F75152DD2A9C6A2100F532EC = {
			isa = PBXGroup;
			children = (
				F75152E82A9C6A2100F532EC /* SetaraV2 */,
				F75152E72A9C6A2100F532EC /* Products */,
			);
			sourceTree = "<group>";
		};
		F75152E72A9C6A2100F532EC /* Products */ = {
			isa = PBXGroup;
			children = (
				F75152E62A9C6A2100F532EC /* SetaraV2.app */,
			);
			name = Products;
			sourceTree = "<group>";
		};
		F75152E82A9C6A2100F532EC /* SetaraV2 */ = {
			isa = PBXGroup;
			children = (
				F7601D612AA313E300E177B4 /* Component */,
				F7601D392AA06FB000E177B4 /* Views */,
				F75152E92A9C6A2100F532EC /* SetaraV2App.swift */,
				F75152EB2A9C6A2100F532EC /* ContentView.swift */,
				F75152ED2A9C6A2200F532EC /* Assets.xcassets */,
				F75152EF2A9C6A2200F532EC /* Preview Content */,
			);
			path = SetaraV2;
			sourceTree = "<group>";
		};
		F75152EF2A9C6A2200F532EC /* Preview Content */ = {
			isa = PBXGroup;
			children = (
				F75152F02A9C6A2200F532EC /* Preview Assets.xcassets */,
			);
			path = "Preview Content";
			sourceTree = "<group>";
		};
		F7601D392AA06FB000E177B4 /* Views */ = {
			isa = PBXGroup;
			children = (
				F7601D3A2AA06FCC00E177B4 /* MainView.swift */,
				E2015D082AA38E3A0042102E /* AddNewBillView.swift */,
			);
			path = Views;
			sourceTree = "<group>";
		};
		F7601D612AA313E300E177B4 /* Component */ = {
			isa = PBXGroup;
			children = (
				F7601D622AA3141000E177B4 /* RoundedRectangleView.swift */,
				F7601D642AA314DE00E177B4 /* CustomColor.swift */,
				F7601D662AA317DB00E177B4 /* CustomButton.swift */,
			);
			path = Component;
			sourceTree = "<group>";
		};
/* End PBXGroup section */

/* Begin PBXNativeTarget section */
		F75152E52A9C6A2100F532EC /* SetaraV2 */ = {
			isa = PBXNativeTarget;
			buildConfigurationList = F75152F42A9C6A2200F532EC /* Build configuration list for PBXNativeTarget "SetaraV2" */;
			buildPhases = (
				F75152E22A9C6A2100F532EC /* Sources */,
				F75152E32A9C6A2100F532EC /* Frameworks */,
				F75152E42A9C6A2100F532EC /* Resources */,
			);
			buildRules = (
			);
			dependencies = (
			);
			name = SetaraV2;
			productName = SetaraV2;
			productReference = F75152E62A9C6A2100F532EC /* SetaraV2.app */;
			productType = "com.apple.product-type.application";
		};
/* End PBXNativeTarget section */

/* Begin PBXProject section */
		F75152DE2A9C6A2100F532EC /* Project object */ = {
			isa = PBXProject;
			attributes = {
				BuildIndependentTargetsInParallel = 1;
				LastSwiftUpdateCheck = 1430;
				LastUpgradeCheck = 1430;
				TargetAttributes = {
					F75152E52A9C6A2100F532EC = {
						CreatedOnToolsVersion = 14.3.1;
					};
				};
			};
			buildConfigurationList = F75152E12A9C6A2100F532EC /* Build configuration list for PBXProject "SetaraV2" */;
			compatibilityVersion = "Xcode 14.0";
			developmentRegion = en;
			hasScannedForEncodings = 0;
			knownRegions = (
				en,
				Base,
			);
			mainGroup = F75152DD2A9C6A2100F532EC;
			productRefGroup = F75152E72A9C6A2100F532EC /* Products */;
			projectDirPath = "";
			projectRoot = "";
			targets = (
				F75152E52A9C6A2100F532EC /* SetaraV2 */,
			);
		};
/* End PBXProject section */

/* Begin PBXResourcesBuildPhase section */
		F75152E42A9C6A2100F532EC /* Resources */ = {
			isa = PBXResourcesBuildPhase;
			buildActionMask = 2147483647;
			files = (
				F75152F12A9C6A2200F532EC /* Preview Assets.xcassets in Resources */,
				F75152EE2A9C6A2200F532EC /* Assets.xcassets in Resources */,
			);
			runOnlyForDeploymentPostprocessing = 0;
		};
/* End PBXResourcesBuildPhase section */

/* Begin PBXSourcesBuildPhase section */
		F75152E22A9C6A2100F532EC /* Sources */ = {
			isa = PBXSourcesBuildPhase;
			buildActionMask = 2147483647;
			files = (
				F75152EC2A9C6A2100F532EC /* ContentView.swift in Sources */,
				F7601D3B2AA06FCC00E177B4 /* MainView.swift in Sources */,
				F7601D672AA317DB00E177B4 /* CustomButton.swift in Sources */,
				F7601D632AA3141000E177B4 /* RoundedRectangleView.swift in Sources */,
				F7601D652AA314DE00E177B4 /* CustomColor.swift in Sources */,
				E2015D092AA38E3A0042102E /* AddNewBillView.swift in Sources */,
				F75152EA2A9C6A2100F532EC /* SetaraV2App.swift in Sources */,
			);
			runOnlyForDeploymentPostprocessing = 0;
		};
/* End PBXSourcesBuildPhase section */

/* Begin XCBuildConfiguration section */
		F75152F22A9C6A2200F532EC /* Debug */ = {
			isa = XCBuildConfiguration;
			buildSettings = {
				ALWAYS_SEARCH_USER_PATHS = NO;
				CLANG_ANALYZER_NONNULL = YES;
				CLANG_ANALYZER_NUMBER_OBJECT_CONVERSION = YES_AGGRESSIVE;
				CLANG_CXX_LANGUAGE_STANDARD = "gnu++20";
				CLANG_ENABLE_MODULES = YES;
				CLANG_ENABLE_OBJC_ARC = YES;
				CLANG_ENABLE_OBJC_WEAK = YES;
				CLANG_WARN_BLOCK_CAPTURE_AUTORELEASING = YES;
				CLANG_WARN_BOOL_CONVERSION = YES;
				CLANG_WARN_COMMA = YES;
				CLANG_WARN_CONSTANT_CONVERSION = YES;
				CLANG_WARN_DEPRECATED_OBJC_IMPLEMENTATIONS = YES;
				CLANG_WARN_DIRECT_OBJC_ISA_USAGE = YES_ERROR;
				CLANG_WARN_DOCUMENTATION_COMMENTS = YES;
				CLANG_WARN_EMPTY_BODY = YES;
				CLANG_WARN_ENUM_CONVERSION = YES;
				CLANG_WARN_INFINITE_RECURSION = YES;
				CLANG_WARN_INT_CONVERSION = YES;
				CLANG_WARN_NON_LITERAL_NULL_CONVERSION = YES;
				CLANG_WARN_OBJC_IMPLICIT_RETAIN_SELF = YES;
				CLANG_WARN_OBJC_LITERAL_CONVERSION = YES;
				CLANG_WARN_OBJC_ROOT_CLASS = YES_ERROR;
				CLANG_WARN_QUOTED_INCLUDE_IN_FRAMEWORK_HEADER = YES;
				CLANG_WARN_RANGE_LOOP_ANALYSIS = YES;
				CLANG_WARN_STRICT_PROTOTYPES = YES;
				CLANG_WARN_SUSPICIOUS_MOVE = YES;
				CLANG_WARN_UNGUARDED_AVAILABILITY = YES_AGGRESSIVE;
				CLANG_WARN_UNREACHABLE_CODE = YES;
				CLANG_WARN__DUPLICATE_METHOD_MATCH = YES;
				COPY_PHASE_STRIP = NO;
				DEBUG_INFORMATION_FORMAT = dwarf;
				ENABLE_STRICT_OBJC_MSGSEND = YES;
				ENABLE_TESTABILITY = YES;
				GCC_C_LANGUAGE_STANDARD = gnu11;
				GCC_DYNAMIC_NO_PIC = NO;
				GCC_NO_COMMON_BLOCKS = YES;
				GCC_OPTIMIZATION_LEVEL = 0;
				GCC_PREPROCESSOR_DEFINITIONS = (
					"DEBUG=1",
					"$(inherited)",
				);
				GCC_WARN_64_TO_32_BIT_CONVERSION = YES;
				GCC_WARN_ABOUT_RETURN_TYPE = YES_ERROR;
				GCC_WARN_UNDECLARED_SELECTOR = YES;
				GCC_WARN_UNINITIALIZED_AUTOS = YES_AGGRESSIVE;
				GCC_WARN_UNUSED_FUNCTION = YES;
				GCC_WARN_UNUSED_VARIABLE = YES;
				IPHONEOS_DEPLOYMENT_TARGET = 16.4;
				MTL_ENABLE_DEBUG_INFO = INCLUDE_SOURCE;
				MTL_FAST_MATH = YES;
				ONLY_ACTIVE_ARCH = YES;
				SDKROOT = iphoneos;
				SWIFT_ACTIVE_COMPILATION_CONDITIONS = DEBUG;
				SWIFT_OPTIMIZATION_LEVEL = "-Onone";
			};
			name = Debug;
		};
		F75152F32A9C6A2200F532EC /* Release */ = {
			isa = XCBuildConfiguration;
			buildSettings = {
				ALWAYS_SEARCH_USER_PATHS = NO;
				CLANG_ANALYZER_NONNULL = YES;
				CLANG_ANALYZER_NUMBER_OBJECT_CONVERSION = YES_AGGRESSIVE;
				CLANG_CXX_LANGUAGE_STANDARD = "gnu++20";
				CLANG_ENABLE_MODULES = YES;
				CLANG_ENABLE_OBJC_ARC = YES;
				CLANG_ENABLE_OBJC_WEAK = YES;
				CLANG_WARN_BLOCK_CAPTURE_AUTORELEASING = YES;
				CLANG_WARN_BOOL_CONVERSION = YES;
				CLANG_WARN_COMMA = YES;
				CLANG_WARN_CONSTANT_CONVERSION = YES;
				CLANG_WARN_DEPRECATED_OBJC_IMPLEMENTATIONS = YES;
				CLANG_WARN_DIRECT_OBJC_ISA_USAGE = YES_ERROR;
				CLANG_WARN_DOCUMENTATION_COMMENTS = YES;
				CLANG_WARN_EMPTY_BODY = YES;
				CLANG_WARN_ENUM_CONVERSION = YES;
				CLANG_WARN_INFINITE_RECURSION = YES;
				CLANG_WARN_INT_CONVERSION = YES;
				CLANG_WARN_NON_LITERAL_NULL_CONVERSION = YES;
				CLANG_WARN_OBJC_IMPLICIT_RETAIN_SELF = YES;
				CLANG_WARN_OBJC_LITERAL_CONVERSION = YES;
				CLANG_WARN_OBJC_ROOT_CLASS = YES_ERROR;
				CLANG_WARN_QUOTED_INCLUDE_IN_FRAMEWORK_HEADER = YES;
				CLANG_WARN_RANGE_LOOP_ANALYSIS = YES;
				CLANG_WARN_STRICT_PROTOTYPES = YES;
				CLANG_WARN_SUSPICIOUS_MOVE = YES;
				CLANG_WARN_UNGUARDED_AVAILABILITY = YES_AGGRESSIVE;
				CLANG_WARN_UNREACHABLE_CODE = YES;
				CLANG_WARN__DUPLICATE_METHOD_MATCH = YES;
				COPY_PHASE_STRIP = NO;
				DEBUG_INFORMATION_FORMAT = "dwarf-with-dsym";
				ENABLE_NS_ASSERTIONS = NO;
				ENABLE_STRICT_OBJC_MSGSEND = YES;
				GCC_C_LANGUAGE_STANDARD = gnu11;
				GCC_NO_COMMON_BLOCKS = YES;
				GCC_WARN_64_TO_32_BIT_CONVERSION = YES;
				GCC_WARN_ABOUT_RETURN_TYPE = YES_ERROR;
				GCC_WARN_UNDECLARED_SELECTOR = YES;
				GCC_WARN_UNINITIALIZED_AUTOS = YES_AGGRESSIVE;
				GCC_WARN_UNUSED_FUNCTION = YES;
				GCC_WARN_UNUSED_VARIABLE = YES;
				IPHONEOS_DEPLOYMENT_TARGET = 16.4;
				MTL_ENABLE_DEBUG_INFO = NO;
				MTL_FAST_MATH = YES;
				SDKROOT = iphoneos;
				SWIFT_COMPILATION_MODE = wholemodule;
				SWIFT_OPTIMIZATION_LEVEL = "-O";
				VALIDATE_PRODUCT = YES;
			};
			name = Release;
		};
		F75152F52A9C6A2200F532EC /* Debug */ = {
			isa = XCBuildConfiguration;
			buildSettings = {
				ASSETCATALOG_COMPILER_APPICON_NAME = AppIcon;
				ASSETCATALOG_COMPILER_GLOBAL_ACCENT_COLOR_NAME = AccentColor;
				CODE_SIGN_STYLE = Automatic;
				CURRENT_PROJECT_VERSION = 1;
				DEVELOPMENT_ASSET_PATHS = "\"SetaraV2/Preview Content\"";
				DEVELOPMENT_TEAM = LH73CAYKFH;
				ENABLE_PREVIEWS = YES;
				GENERATE_INFOPLIST_FILE = YES;
				INFOPLIST_KEY_UIApplicationSceneManifest_Generation = YES;
				INFOPLIST_KEY_UIApplicationSupportsIndirectInputEvents = YES;
				INFOPLIST_KEY_UILaunchScreen_Generation = YES;
				INFOPLIST_KEY_UISupportedInterfaceOrientations_iPad = "UIInterfaceOrientationPortrait UIInterfaceOrientationPortraitUpsideDown UIInterfaceOrientationLandscapeLeft UIInterfaceOrientationLandscapeRight";
				INFOPLIST_KEY_UISupportedInterfaceOrientations_iPhone = "UIInterfaceOrientationPortrait UIInterfaceOrientationLandscapeLeft UIInterfaceOrientationLandscapeRight";
				LD_RUNPATH_SEARCH_PATHS = (
					"$(inherited)",
					"@executable_path/Frameworks",
				);
				MARKETING_VERSION = 1.0;
				PRODUCT_BUNDLE_IDENTIFIER = SetaraInc.SetaraV2;
				PRODUCT_NAME = "$(TARGET_NAME)";
				SWIFT_EMIT_LOC_STRINGS = YES;
				SWIFT_VERSION = 5.0;
				TARGETED_DEVICE_FAMILY = "1,2";
			};
			name = Debug;
		};
		F75152F62A9C6A2200F532EC /* Release */ = {
			isa = XCBuildConfiguration;
			buildSettings = {
				ASSETCATALOG_COMPILER_APPICON_NAME = AppIcon;
				ASSETCATALOG_COMPILER_GLOBAL_ACCENT_COLOR_NAME = AccentColor;
				CODE_SIGN_STYLE = Automatic;
				CURRENT_PROJECT_VERSION = 1;
				DEVELOPMENT_ASSET_PATHS = "\"SetaraV2/Preview Content\"";
				DEVELOPMENT_TEAM = LH73CAYKFH;
				ENABLE_PREVIEWS = YES;
				GENERATE_INFOPLIST_FILE = YES;
				INFOPLIST_KEY_UIApplicationSceneManifest_Generation = YES;
				INFOPLIST_KEY_UIApplicationSupportsIndirectInputEvents = YES;
				INFOPLIST_KEY_UILaunchScreen_Generation = YES;
				INFOPLIST_KEY_UISupportedInterfaceOrientations_iPad = "UIInterfaceOrientationPortrait UIInterfaceOrientationPortraitUpsideDown UIInterfaceOrientationLandscapeLeft UIInterfaceOrientationLandscapeRight";
				INFOPLIST_KEY_UISupportedInterfaceOrientations_iPhone = "UIInterfaceOrientationPortrait UIInterfaceOrientationLandscapeLeft UIInterfaceOrientationLandscapeRight";
				LD_RUNPATH_SEARCH_PATHS = (
					"$(inherited)",
					"@executable_path/Frameworks",
				);
				MARKETING_VERSION = 1.0;
				PRODUCT_BUNDLE_IDENTIFIER = SetaraInc.SetaraV2;
				PRODUCT_NAME = "$(TARGET_NAME)";
				SWIFT_EMIT_LOC_STRINGS = YES;
				SWIFT_VERSION = 5.0;
				TARGETED_DEVICE_FAMILY = "1,2";
			};
			name = Release;
		};
/* End XCBuildConfiguration section */

/* Begin XCConfigurationList section */
		F75152E12A9C6A2100F532EC /* Build configuration list for PBXProject "SetaraV2" */ = {
			isa = XCConfigurationList;
			buildConfigurations = (
				F75152F22A9C6A2200F532EC /* Debug */,
				F75152F32A9C6A2200F532EC /* Release */,
			);
			defaultConfigurationIsVisible = 0;
			defaultConfigurationName = Release;
		};
		F75152F42A9C6A2200F532EC /* Build configuration list for PBXNativeTarget "SetaraV2" */ = {
			isa = XCConfigurationList;
			buildConfigurations = (
				F75152F52A9C6A2200F532EC /* Debug */,
				F75152F62A9C6A2200F532EC /* Release */,
			);
			defaultConfigurationIsVisible = 0;
			defaultConfigurationName = Release;
		};
/* End XCConfigurationList section */
	};
	rootObject = F75152DE2A9C6A2100F532EC /* Project object */;
}
